
Microsoft Visual Studio Solution File, Format Version 12.00
# Visual Studio Version 16
VisualStudioVersion = 16.0.32002.261
MinimumVisualStudioVersion = 10.0.40219.1
Project("{8BC9CEB8-8B4A-11D0-8D11-00A0C91BC942}") = "BSP", "BSP.vcxproj", "{FB954D0D-A65B-4E4B-8A04-B1E1EF43FF07}"
EndProject
Global
	GlobalSection(SolutionConfigurationPlatforms) = preSolution
		Debug|x64 = Debug|x64
		Debug|x86 = Debug|x86
		Release|x64 = Release|x64
		Release|x86 = Release|x86
	EndGlobalSection
	GlobalSection(ProjectConfigurationPlatforms) = postSolution
		{FB954D0D-A65B-4E4B-8A04-B1E1EF43FF07}.Debug|x64.ActiveCfg = Debug|x64
		{FB954D0D-A65B-4E4B-8A04-B1E1EF43FF07}.Debug|x64.Build.0 = Debug|x64
		{FB954D0D-A65B-4E4B-8A04-B1E1EF43FF07}.Debug|x86.ActiveCfg = Debug|Win32
		{FB954D0D-A65B-4E4B-8A04-B1E1EF43FF07}.Debug|x86.Build.0 = Debug|Win32
		{FB954D0D-A65B-4E4B-8A04-B1E1EF43FF07}.Release|x64.ActiveCfg = Release|x64
		{FB954D0D-A65B-4E4B-8A04-B1E1EF43FF07}.Release|x64.Build.0 = Release|x64
		{FB954D0D-A65B-4E4B-8A04-B1E1EF43FF07}.Release|x86.ActiveCfg = Release|Win32
		{FB954D0D-A65B-4E4B-8A04-B1E1EF43FF07}.Release|x86.Build.0 = Release|Win32
	EndGlobalSection
	GlobalSection(SolutionProperties) = preSolution
		HideSolutionNode = FALSE
	EndGlobalSection
	GlobalSection(ExtensibilityGlobals) = postSolution
		SolutionGuid = {2041FA1C-F683-4E7D-999C-52453681EA00}
	EndGlobalSection
EndGlobal
